{
  "name": "Todo-Data-Model",
  "version": "1.0.0",
  "lockfileVersion": 3,
  "requires": true,
  "author": "",
  "description": "",
  "keywords": [],
  "license": "ISC",
  "main": "js/index.js",
  "packages": {},
  "devDependencies": {
    "autoprefixer": "^10.4.16"
  },
  "scripts": {
    "start": "nodemon server.js",
    "test": "echo \"Error: no test specified\" && exit 1"
  }
}
